# THIS IS AN AUTOGENERATED FILE. DO NOT EDIT THIS FILE DIRECTLY.
# yarn lockfile v1


emailjs@^4.0.3:
  version "4.0.3"
  resolved "https://registry.npmjs.org/emailjs/-/emailjs-4.0.3.tgz"
  integrity sha512-1CDXoE3FxkSg7QRTlLsDCYG9elFNu/JQsYWu3Xfrk77ubbg5zYgFGg+JRUKQJ56mceM8o3rHHX0VB4wo9XsyLQ==

nodemailer@^6.9.5:
  version "6.9.5"
  resolved "https://registry.npmjs.org/nodemailer/-/nodemailer-6.9.5.tgz"
  integrity sha512-/dmdWo62XjumuLc5+AYQZeiRj+PRR8y8qKtFCOyuOl1k/hckZd8durUUHs/ucKx6/8kN+wFxqKJlQ/LK/qR5FA==
